# This file is generated by running "yarn install" inside your project.
# Manual changes might be lost - proceed with caution!

__metadata:
  version: 9
  cacheKey: 10c0

"@biomejs/biome@npm:2.4.10":
  version: 2.4.10
  resolution: "@biomejs/biome@npm:2.4.10"
  dependencies:
    "@biomejs/cli-darwin-arm64": "npm:2.4.10"
    "@biomejs/cli-darwin-x64": "npm:2.4.10"
    "@biomejs/cli-linux-arm64": "npm:2.4.10"
    "@biomejs/cli-linux-arm64-musl": "npm:2.4.10"
    "@biomejs/cli-linux-x64": "npm:2.4.10"
    "@biomejs/cli-linux-x64-musl": "npm:2.4.10"
    "@biomejs/cli-win32-arm64": "npm:2.4.10"
    "@biomejs/cli-win32-x64": "npm:2.4.10"
  dependenciesMeta:
    "@biomejs/cli-darwin-arm64":
      optional: true
    "@biomejs/cli-darwin-x64":
      optional: true
    "@biomejs/cli-linux-arm64":
      optional: true
    "@biomejs/cli-linux-arm64-musl":
      optional: true
    "@biomejs/cli-linux-x64":
      optional: true
    "@biomejs/cli-linux-x64-musl":
      optional: true
    "@biomejs/cli-win32-arm64":
      optional: true
    "@biomejs/cli-win32-x64":
      optional: true
  bin:
    biome: bin/biome
  checksum: 10c0/80d10d5e6fa41a24efb9020ee73b79b0aca46942b55ea96e880c3bb45ea14c71e49fb1be9f134bee23b2d940bb8cad51a70351ca051e09a43613018dba693bd6
  languageName: node
  linkType: hard

"@biomejs/cli-darwin-arm64@npm:2.4.10":
  version: 2.4.10
  resolution: "@biomejs/cli-darwin-arm64@npm:2.4.10"
  conditions: os=darwin & cpu=arm64
  languageName: node
  linkType: hard

"@biomejs/cli-darwin-x64@npm:2.4.10":
  version: 2.4.10
  resolution: "@biomejs/cli-darwin-x64@npm:2.4.10"
  conditions: os=darwin & cpu=x64
  languageName: node
  linkType: hard

"@biomejs/cli-linux-arm64-musl@npm:2.4.10":
  version: 2.4.10
  resolution: "@biomejs/cli-linux-arm64-musl@npm:2.4.10"
  conditions: os=linux & cpu=arm64 & libc=musl
  languageName: node
  linkType: hard

"@biomejs/cli-linux-arm64@npm:2.4.10":
  version: 2.4.10
  resolution: "@biomejs/cli-linux-arm64@npm:2.4.10"
  conditions: os=linux & cpu=arm64 & libc=glibc
  languageName: node
  linkType: hard

"@biomejs/cli-linux-x64-musl@npm:2.4.10":
  version: 2.4.10
  resolution: "@biomejs/cli-linux-x64-musl@npm:2.4.10"
  conditions: os=linux & cpu=x64 & libc=musl
  languageName: node
  linkType: hard

"@biomejs/cli-linux-x64@npm:2.4.10":
  version: 2.4.10
  resolution: "@biomejs/cli-linux-x64@npm:2.4.10"
  conditions: os=linux & cpu=x64 & libc=glibc
  languageName: node
  linkType: hard

"@biomejs/cli-win32-arm64@npm:2.4.10":
  version: 2.4.10
  resolution: "@biomejs/cli-win32-arm64@npm:2.4.10"
  conditions: os=win32 & cpu=arm64
  languageName: node
  linkType: hard

"@biomejs/cli-win32-x64@npm:2.4.10":
  version: 2.4.10
  resolution: "@biomejs/cli-win32-x64@npm:2.4.10"
  conditions: os=win32 & cpu=x64
  languageName: node
  linkType: hard

"detect-element-overflow@workspace:.":
  version: 0.0.0-use.local
  resolution: "detect-element-overflow@workspace:."
  dependencies:
    "@biomejs/biome": "npm:2.4.10"
    husky: "npm:^9.0.0"
    typescript: "npm:^6.0.2"
  languageName: unknown
  linkType: soft

"husky@npm:^9.0.0":
  version: 9.0.7
  resolution: "husky@npm:9.0.7"
  bin:
    husky: bin.js
  checksum: 10c0/ac36838bc230b42ca878eeb6993cba5499b858700581fa9e8b579227af9ad47bdbf4c050f4145f51f33f77c16d359f329622b7050150c78a7c52be26cc24174e
  languageName: node
  linkType: hard

"typescript@npm:^6.0.2":
  version: 6.0.2
  resolution: "typescript@npm:6.0.2"
  bin:
    tsc: bin/tsc
    tsserver: bin/tsserver
  checksum: 10c0/4b860b0bf87cc0fee0f66d8ef2640b5a8a8a8c74d1129adb82e389e5f97124383823c47946bef8a73ede371461143a3aa8544399d2133c7b2e4f07e81860af7f
  languageName: node
  linkType: hard

"typescript@patch:typescript@npm%3A^6.0.2#optional!builtin<compat/typescript>":
  version: 6.0.2
  resolution: "typescript@patch:typescript@npm%3A6.0.2#optional!builtin<compat/typescript>::version=6.0.2&hash=5786d5"
  bin:
    tsc: bin/tsc
    tsserver: bin/tsserver
  checksum: 10c0/49f0b84fc6ca55653e77752b8a61beabc09ee3dae5d965c31596225aa6ef213c5727b1d2e895b900416dc603854ba0872ac4a812c2a4ed6793a601f9c675de02
  languageName: node
  linkType: hard
