# This file is generated by running "yarn install" inside your project.
# Manual changes might be lost - proceed with caution!

__metadata:
  version: 8
  cacheKey: 10c0

"@biomejs/biome@npm:2.2.2":
  version: 2.2.2
  resolution: "@biomejs/biome@npm:2.2.2"
  dependencies:
    "@biomejs/cli-darwin-arm64": "npm:2.2.2"
    "@biomejs/cli-darwin-x64": "npm:2.2.2"
    "@biomejs/cli-linux-arm64": "npm:2.2.2"
    "@biomejs/cli-linux-arm64-musl": "npm:2.2.2"
    "@biomejs/cli-linux-x64": "npm:2.2.2"
    "@biomejs/cli-linux-x64-musl": "npm:2.2.2"
    "@biomejs/cli-win32-arm64": "npm:2.2.2"
    "@biomejs/cli-win32-x64": "npm:2.2.2"
  dependenciesMeta:
    "@biomejs/cli-darwin-arm64":
      optional: true
    "@biomejs/cli-darwin-x64":
      optional: true
    "@biomejs/cli-linux-arm64":
      optional: true
    "@biomejs/cli-linux-arm64-musl":
      optional: true
    "@biomejs/cli-linux-x64":
      optional: true
    "@biomejs/cli-linux-x64-musl":
      optional: true
    "@biomejs/cli-win32-arm64":
      optional: true
    "@biomejs/cli-win32-x64":
      optional: true
  bin:
    biome: bin/biome
  checksum: 10c0/108690efd8c3a5fcee9faf89371319b2d066208e8adbb05855650032a1cc9afc98ec4206b73b0be2c49cdf64ef765cf5a24785456b814d5846ab65b293791daf
  languageName: node
  linkType: hard

"@biomejs/cli-darwin-arm64@npm:2.2.2":
  version: 2.2.2
  resolution: "@biomejs/cli-darwin-arm64@npm:2.2.2"
  conditions: os=darwin & cpu=arm64
  languageName: node
  linkType: hard

"@biomejs/cli-darwin-x64@npm:2.2.2":
  version: 2.2.2
  resolution: "@biomejs/cli-darwin-x64@npm:2.2.2"
  conditions: os=darwin & cpu=x64
  languageName: node
  linkType: hard

"@biomejs/cli-linux-arm64-musl@npm:2.2.2":
  version: 2.2.2
  resolution: "@biomejs/cli-linux-arm64-musl@npm:2.2.2"
  conditions: os=linux & cpu=arm64 & libc=musl
  languageName: node
  linkType: hard

"@biomejs/cli-linux-arm64@npm:2.2.2":
  version: 2.2.2
  resolution: "@biomejs/cli-linux-arm64@npm:2.2.2"
  conditions: os=linux & cpu=arm64 & libc=glibc
  languageName: node
  linkType: hard

"@biomejs/cli-linux-x64-musl@npm:2.2.2":
  version: 2.2.2
  resolution: "@biomejs/cli-linux-x64-musl@npm:2.2.2"
  conditions: os=linux & cpu=x64 & libc=musl
  languageName: node
  linkType: hard

"@biomejs/cli-linux-x64@npm:2.2.2":
  version: 2.2.2
  resolution: "@biomejs/cli-linux-x64@npm:2.2.2"
  conditions: os=linux & cpu=x64 & libc=glibc
  languageName: node
  linkType: hard

"@biomejs/cli-win32-arm64@npm:2.2.2":
  version: 2.2.2
  resolution: "@biomejs/cli-win32-arm64@npm:2.2.2"
  conditions: os=win32 & cpu=arm64
  languageName: node
  linkType: hard

"@biomejs/cli-win32-x64@npm:2.2.2":
  version: 2.2.2
  resolution: "@biomejs/cli-win32-x64@npm:2.2.2"
  conditions: os=win32 & cpu=x64
  languageName: node
  linkType: hard

"detect-element-overflow@workspace:.":
  version: 0.0.0-use.local
  resolution: "detect-element-overflow@workspace:."
  dependencies:
    "@biomejs/biome": "npm:2.2.2"
    husky: "npm:^9.0.0"
    typescript: "npm:^5.9.2"
  languageName: unknown
  linkType: soft

"husky@npm:^9.0.0":
  version: 9.0.7
  resolution: "husky@npm:9.0.7"
  bin:
    husky: bin.js
  checksum: 10c0/ac36838bc230b42ca878eeb6993cba5499b858700581fa9e8b579227af9ad47bdbf4c050f4145f51f33f77c16d359f329622b7050150c78a7c52be26cc24174e
  languageName: node
  linkType: hard

"typescript@npm:^5.9.2":
  version: 5.9.2
  resolution: "typescript@npm:5.9.2"
  bin:
    tsc: bin/tsc
    tsserver: bin/tsserver
  checksum: 10c0/cd635d50f02d6cf98ed42de2f76289701c1ec587a363369255f01ed15aaf22be0813226bff3c53e99d971f9b540e0b3cc7583dbe05faded49b1b0bed2f638a18
  languageName: node
  linkType: hard

"typescript@patch:typescript@npm%3A^5.9.2#optional!builtin<compat/typescript>":
  version: 5.9.2
  resolution: "typescript@patch:typescript@npm%3A5.9.2#optional!builtin<compat/typescript>::version=5.9.2&hash=5786d5"
  bin:
    tsc: bin/tsc
    tsserver: bin/tsserver
  checksum: 10c0/34d2a8e23eb8e0d1875072064d5e1d9c102e0bdce56a10a25c0b917b8aa9001a9cf5c225df12497e99da107dc379360bc138163c66b55b95f5b105b50578067e
  languageName: node
  linkType: hard
